{
  "originHash" : "98bacf22da4fef9ff1379f9dc5145dec002d528cdb40982cb7bbf99211c17140",
  "pins" : [
    {
      "identity" : "activityindicatorview",
      "kind" : "remoteSourceControl",
      "location" : "https://github.com/exyte/ActivityIndicatorView",
      "state" : {
        "revision" : "36140867802ae4a1d2b11490bcbbefe058001d14",
        "version" : "1.2.1"
      }
    },
    {
      "identity" : "anchoredpopup",
      "kind" : "remoteSourceControl",
      "location" : "https://github.com/exyte/AnchoredPopup.git",
      "state" : {
        "revision" : "2fb9d1ac101b86cbcc12a3f8e571648ce4469d18",
        "version" : "1.1.3"
      }
    },
    {
      "identity" : "chat",
      "kind" : "remoteSourceControl",
      "location" : "https://github.com/exyte/Chat",
      "state" : {
        "revision" : "2ea8fc57f719d59940cab6551bcd518e2ec6191c",
        "version" : "3.0.2"
      }
    },
    {
      "identity" : "giphy-ios-sdk",
      "kind" : "remoteSourceControl",
      "location" : "https://github.com/Giphy/giphy-ios-sdk",
      "state" : {
        "revision" : "37f5b1ff6cf8bc4a78c0bc5eb1b814381bac9580",
        "version" : "2.2.16"
      }
    },
    {
      "identity" : "highlightr",
      "kind" : "remoteSourceControl",
      "location" : "https://github.com/raspu/Highlightr",
      "state" : {
        "revision" : "05e7fcc63b33925cd0c1faaa205cdd5681e7bbef",
        "version" : "2.3.0"
      }
    },
    {
      "identity" : "kingfisher",
      "kind" : "remoteSourceControl",
      "location" : "https://github.com/onevcat/Kingfisher",
      "state" : {
        "revision" : "c152c1915f60c51e4afa0752656993ee5b3c63db",
        "version" : "8.8.1"
      }
    },
    {
      "identity" : "libwebp-xcode",
      "kind" : "remoteSourceControl",
      "location" : "https://github.com/SDWebImage/libwebp-Xcode",
      "state" : {
        "revision" : "0d60654eeefd5d7d2bef3835804892c40225e8b2",
        "version" : "1.5.0"
      }
    },
    {
      "identity" : "markdownui",
      "kind" : "remoteSourceControl",
      "location" : "https://github.com/gonzalezreal/MarkdownUI",
      "state" : {
        "revision" : "5f613358148239d0292c0cef674a3c2314737f9e",
        "version" : "2.4.1"
      }
    },
    {
      "identity" : "mediapicker",
      "kind" : "remoteSourceControl",
      "location" : "https://github.com/exyte/MediaPicker.git",
      "state" : {
        "revision" : "ce2eda6300337d1478a78fc033bce8dd9bf4bb2c",
        "version" : "3.3.2"
      }
    },
    {
      "identity" : "networkimage",
      "kind" : "remoteSourceControl",
      "location" : "https://github.com/gonzalezreal/NetworkImage",
      "state" : {
        "revision" : "2849f5323265386e200484b0d0f896e73c3411b9",
        "version" : "6.0.1"
      }
    },
    {
      "identity" : "swift-cmark",
      "kind" : "remoteSourceControl",
      "location" : "https://github.com/swiftlang/swift-cmark",
      "state" : {
        "revision" : "5d9bdaa4228b381639fff09403e39a04926e2dbe",
        "version" : "0.7.1"
      }
    }
  ],
  "version" : 3
}
